# This file is autogenerated, do not edit; changes may be undone by the next 'dep ensure'.


[[projects]]
  branch = "master"
  name = "github.com/gotk3/gotk3"
  packages = ["cairo","gdk","glib","gtk","pango"]
  revision = "801ee6787a41915d7259fa04c8d891eda7f46ce3"

[solve-meta]
  analyzer-name = "dep"
  analyzer-version = 1
  inputs-digest = "b99090e340440e2f1c562e20124b53ba591222cc1e871a930dece4f4fc6a1b92"
  solver-name = "gps-cdcl"
  solver-version = 1
